#MicroXplorer Configuration settings - do not modify
CAD.formats=
CAD.pinconfig=
CAD.provider=
File.Version=6
GPIO.groupedBy=Group By Peripherals
KeepUserPlacement=false
Mcu.CPN=STM32F407IGT6
Mcu.Family=STM32F4
Mcu.IP0=NVIC
Mcu.IP1=RCC
Mcu.IP2=SYS
Mcu.IP3=TIM2
Mcu.IPNb=4
Mcu.Name=STM32F407I(E-G)Tx
Mcu.Package=LQFP176
Mcu.Pin0=PC13-ANTI_TAMP
Mcu.Pin1=PI9
Mcu.Pin10=PC3
Mcu.Pin11=PA1
Mcu.Pin12=PA2
Mcu.Pin13=PH2
Mcu.Pin14=PH3
Mcu.Pin15=PH4
Mcu.Pin16=PH5
Mcu.Pin17=PA3
Mcu.Pin18=PA4
Mcu.Pin19=PA5
Mcu.Pin2=PI10
Mcu.Pin20=PA6
Mcu.Pin21=PA7
Mcu.Pin22=PC4
Mcu.Pin23=PC5
Mcu.Pin24=PB0
Mcu.Pin25=PB1
Mcu.Pin26=PF11
Mcu.Pin27=PF12
Mcu.Pin28=PF13
Mcu.Pin29=PF14
Mcu.Pin3=PI11
Mcu.Pin30=PF15
Mcu.Pin31=PG0
Mcu.Pin32=PG1
Mcu.Pin33=PE7
Mcu.Pin34=PE8
Mcu.Pin35=PE9
Mcu.Pin36=PE10
Mcu.Pin37=PE11
Mcu.Pin38=PE12
Mcu.Pin39=PE13
Mcu.Pin4=PF6
Mcu.Pin40=PE14
Mcu.Pin41=PE15
Mcu.Pin42=PB10
Mcu.Pin43=PB11
Mcu.Pin44=PH6
Mcu.Pin45=PH7
Mcu.Pin46=PH8
Mcu.Pin47=PH9
Mcu.Pin48=PH10
Mcu.Pin49=PH11
Mcu.Pin5=PF7
Mcu.Pin50=PH12
Mcu.Pin51=PB12
Mcu.Pin52=PB13
Mcu.Pin53=PB14
Mcu.Pin54=PB15
Mcu.Pin55=PD8
Mcu.Pin56=PD9
Mcu.Pin57=PD10
Mcu.Pin58=PD11
Mcu.Pin59=PD12
Mcu.Pin6=PF8
Mcu.Pin60=PD13
Mcu.Pin61=PD14
Mcu.Pin62=PD15
Mcu.Pin63=PG2
Mcu.Pin64=PG3
Mcu.Pin65=PG4
Mcu.Pin66=PG5
Mcu.Pin67=PG6
Mcu.Pin68=PG7
Mcu.Pin69=PG8
Mcu.Pin7=PF9
Mcu.Pin70=PC6
Mcu.Pin71=PC7
Mcu.Pin72=PC8
Mcu.Pin73=PC9
Mcu.Pin74=PA8
Mcu.Pin75=PA9
Mcu.Pin76=PA10
Mcu.Pin77=PA11
Mcu.Pin78=PA12
Mcu.Pin79=PA13
Mcu.Pin8=PF10
Mcu.Pin80=PH13
Mcu.Pin81=PH14
Mcu.Pin82=PH15
Mcu.Pin83=PI0
Mcu.Pin84=PI1
Mcu.Pin85=PI2
Mcu.Pin86=PI3
Mcu.Pin87=PA14
Mcu.Pin88=PA15
Mcu.Pin89=PC10
Mcu.Pin9=PC0
Mcu.Pin90=PC11
Mcu.Pin91=PC12
Mcu.Pin92=PD0
Mcu.Pin93=PB3
Mcu.Pin94=PB4
Mcu.Pin95=VP_SYS_VS_Systick
Mcu.Pin96=VP_TIM2_VS_ClockSourceINT
Mcu.PinsNb=97
Mcu.ThirdPartyNb=0
Mcu.UserConstants=
Mcu.UserName=STM32F407IGTx
MxCube.Version=6.10.0
MxDb.Version=DB.6.0.100
NVIC.BusFault_IRQn=true\:0\:0\:false\:false\:true\:false\:false\:false
NVIC.DebugMonitor_IRQn=true\:0\:0\:false\:false\:true\:false\:false\:false
NVIC.EXTI0_IRQn=true\:0\:0\:false\:false\:true\:true\:true\:true
NVIC.EXTI15_10_IRQn=true\:0\:0\:false\:false\:true\:true\:true\:true
NVIC.EXTI9_5_IRQn=true\:0\:0\:false\:false\:true\:true\:true\:true
NVIC.ForceEnableDMAVector=true
NVIC.HardFault_IRQn=true\:0\:0\:false\:false\:true\:false\:false\:false
NVIC.MemoryManagement_IRQn=true\:0\:0\:false\:false\:true\:false\:false\:false
NVIC.NonMaskableInt_IRQn=true\:0\:0\:false\:false\:true\:false\:false\:false
NVIC.PendSV_IRQn=true\:0\:0\:false\:false\:true\:false\:false\:false
NVIC.PriorityGroup=NVIC_PRIORITYGROUP_4
NVIC.SVCall_IRQn=true\:0\:0\:false\:false\:true\:false\:false\:false
NVIC.SysTick_IRQn=true\:15\:0\:false\:false\:true\:false\:true\:false
NVIC.TIM2_IRQn=true\:0\:0\:false\:false\:true\:true\:true\:true
NVIC.UsageFault_IRQn=true\:0\:0\:false\:false\:true\:false\:false\:false
PA1.GPIOParameters=GPIO_PuPd,GPIO_Label
PA1.GPIO_Label=IN_39
PA1.GPIO_PuPd=GPIO_PULLDOWN
PA1.Locked=true
PA1.Signal=GPIO_Input
PA10.GPIOParameters=GPIO_Label
PA10.GPIO_Label=OUT_27
PA10.Locked=true
PA10.Signal=GPIO_Output
PA11.GPIOParameters=GPIO_Label
PA11.GPIO_Label=OUT_28
PA11.Locked=true
PA11.Signal=GPIO_Output
PA12.GPIOParameters=GPIO_Label
PA12.GPIO_Label=OUT_29
PA12.Locked=true
PA12.Signal=GPIO_Output
PA13.Mode=JTAG_5_pins
PA13.Signal=SYS_JTMS-SWDIO
PA14.Mode=JTAG_5_pins
PA14.Signal=SYS_JTCK-SWCLK
PA15.Mode=JTAG_5_pins
PA15.Signal=SYS_JTDI
PA2.GPIOParameters=GPIO_PuPd,GPIO_Label
PA2.GPIO_Label=IN_38
PA2.GPIO_PuPd=GPIO_PULLDOWN
PA2.Locked=true
PA2.Signal=GPIO_Input
PA3.GPIOParameters=GPIO_PuPd,GPIO_Label
PA3.GPIO_Label=IN_33
PA3.GPIO_PuPd=GPIO_PULLDOWN
PA3.Locked=true
PA3.Signal=GPIO_Input
PA4.GPIOParameters=GPIO_PuPd,GPIO_Label
PA4.GPIO_Label=IN_32
PA4.GPIO_PuPd=GPIO_PULLDOWN
PA4.Locked=true
PA4.Signal=GPIO_Input
PA5.GPIOParameters=GPIO_PuPd,GPIO_Label
PA5.GPIO_Label=IN_31
PA5.GPIO_PuPd=GPIO_PULLDOWN
PA5.Locked=true
PA5.Signal=GPIO_Input
PA6.GPIOParameters=GPIO_PuPd,GPIO_Label
PA6.GPIO_Label=IN_30
PA6.GPIO_PuPd=GPIO_PULLDOWN
PA6.Locked=true
PA6.Signal=GPIO_Input
PA7.GPIOParameters=GPIO_PuPd,GPIO_Label
PA7.GPIO_Label=IN_29
PA7.GPIO_PuPd=GPIO_PULLDOWN
PA7.Locked=true
PA7.Signal=GPIO_Input
PA8.GPIOParameters=GPIO_Label
PA8.GPIO_Label=OUT_25
PA8.Locked=true
PA8.Signal=GPIO_Output
PA9.GPIOParameters=GPIO_Label
PA9.GPIO_Label=OUT_26
PA9.Locked=true
PA9.Signal=GPIO_Output
PB0.GPIOParameters=GPIO_PuPd,GPIO_Label
PB0.GPIO_Label=IN_26
PB0.GPIO_PuPd=GPIO_PULLDOWN
PB0.Locked=true
PB0.Signal=GPIO_Input
PB1.GPIOParameters=GPIO_PuPd,GPIO_Label
PB1.GPIO_Label=IN_25
PB1.GPIO_PuPd=GPIO_PULLDOWN
PB1.Locked=true
PB1.Signal=GPIO_Input
PB10.GPIOParameters=GPIO_PuPd,GPIO_Label
PB10.GPIO_Label=IN_8
PB10.GPIO_PuPd=GPIO_PULLDOWN
PB10.Locked=true
PB10.Signal=GPIO_Input
PB11.GPIOParameters=GPIO_PuPd,GPIO_Label
PB11.GPIO_Label=IN_7
PB11.GPIO_PuPd=GPIO_PULLDOWN
PB11.Locked=true
PB11.Signal=GPIO_Input
PB12.GPIOParameters=GPIO_Label
PB12.GPIO_Label=OUT_2
PB12.Locked=true
PB12.Signal=GPIO_Output
PB13.GPIOParameters=GPIO_Label
PB13.GPIO_Label=OUT_3
PB13.Locked=true
PB13.Signal=GPIO_Output
PB14.GPIOParameters=GPIO_Label
PB14.GPIO_Label=OUT_4
PB14.Locked=true
PB14.Signal=GPIO_Output
PB15.GPIOParameters=GPIO_Label
PB15.GPIO_Label=OUT_5
PB15.Locked=true
PB15.Signal=GPIO_Output
PB3.Mode=JTAG_5_pins
PB3.Signal=SYS_JTDO-SWO
PB4.Mode=JTAG_5_pins
PB4.Signal=SYS_JTRST
PC0.GPIOParameters=GPIO_PuPd,GPIO_Label,GPIO_ModeDefaultEXTI
PC0.GPIO_Label=BTN_40
PC0.GPIO_ModeDefaultEXTI=GPIO_MODE_IT_FALLING
PC0.GPIO_PuPd=GPIO_PULLUP
PC0.Locked=true
PC0.Signal=GPXTI0
PC10.GPIOParameters=GPIO_Label
PC10.GPIO_Label=OUT_37
PC10.Locked=true
PC10.Signal=GPIO_Output
PC11.GPIOParameters=GPIO_Label
PC11.GPIO_Label=OUT_38
PC11.Locked=true
PC11.Signal=GPIO_Output
PC12.GPIOParameters=GPIO_Label
PC12.GPIO_Label=OUT_39
PC12.Locked=true
PC12.Signal=GPIO_Output
PC13-ANTI_TAMP.GPIOParameters=PinState,GPIO_Label
PC13-ANTI_TAMP.GPIO_Label=MCU_LED
PC13-ANTI_TAMP.Locked=true
PC13-ANTI_TAMP.PinState=GPIO_PIN_SET
PC13-ANTI_TAMP.Signal=GPIO_Output
PC3.GPIOParameters=GPIO_PuPd,GPIO_Label
PC3.GPIO_Label=IN_40
PC3.GPIO_PuPd=GPIO_PULLDOWN
PC3.Locked=true
PC3.Signal=GPIO_Input
PC4.GPIOParameters=GPIO_PuPd,GPIO_Label
PC4.GPIO_Label=IN_28
PC4.GPIO_PuPd=GPIO_PULLDOWN
PC4.Locked=true
PC4.Signal=GPIO_Input
PC5.GPIOParameters=GPIO_PuPd,GPIO_Label
PC5.GPIO_Label=IN_27
PC5.GPIO_PuPd=GPIO_PULLDOWN
PC5.Locked=true
PC5.Signal=GPIO_Input
PC6.GPIOParameters=GPIO_Label
PC6.GPIO_Label=OUT_21
PC6.Locked=true
PC6.Signal=GPIO_Output
PC7.GPIOParameters=GPIO_Label
PC7.GPIO_Label=OUT_22
PC7.Locked=true
PC7.Signal=GPIO_Output
PC8.GPIOParameters=GPIO_Label
PC8.GPIO_Label=OUT_23
PC8.Locked=true
PC8.Signal=GPIO_Output
PC9.GPIOParameters=GPIO_Label
PC9.GPIO_Label=OUT_24
PC9.Locked=true
PC9.Signal=GPIO_Output
PD0.GPIOParameters=GPIO_Label
PD0.GPIO_Label=OUT_40
PD0.Locked=true
PD0.Signal=GPIO_Output
PD10.GPIOParameters=GPIO_Label
PD10.GPIO_Label=OUT_8
PD10.Locked=true
PD10.Signal=GPIO_Output
PD11.GPIOParameters=GPIO_Label
PD11.GPIO_Label=OUT_9
PD11.Locked=true
PD11.Signal=GPIO_Output
PD12.GPIOParameters=GPIO_Label
PD12.GPIO_Label=OUT_10
PD12.Locked=true
PD12.Signal=GPIO_Output
PD13.GPIOParameters=GPIO_Label
PD13.GPIO_Label=OUT_11
PD13.Locked=true
PD13.Signal=GPIO_Output
PD14.GPIOParameters=GPIO_Label
PD14.GPIO_Label=OUT_12
PD14.Locked=true
PD14.Signal=GPIO_Output
PD15.GPIOParameters=GPIO_Label
PD15.GPIO_Label=OUT_13
PD15.Locked=true
PD15.Signal=GPIO_Output
PD8.GPIOParameters=GPIO_Label
PD8.GPIO_Label=OUT_6
PD8.Locked=true
PD8.Signal=GPIO_Output
PD9.GPIOParameters=GPIO_Label
PD9.GPIO_Label=OUT_7
PD9.Locked=true
PD9.Signal=GPIO_Output
PE10.GPIOParameters=GPIO_PuPd,GPIO_Label
PE10.GPIO_Label=IN_14
PE10.GPIO_PuPd=GPIO_PULLDOWN
PE10.Locked=true
PE10.Signal=GPIO_Input
PE11.GPIOParameters=GPIO_PuPd,GPIO_Label
PE11.GPIO_Label=IN_13
PE11.GPIO_PuPd=GPIO_PULLDOWN
PE11.Locked=true
PE11.Signal=GPIO_Input
PE12.GPIOParameters=GPIO_PuPd,GPIO_Label
PE12.GPIO_Label=IN_12
PE12.GPIO_PuPd=GPIO_PULLDOWN
PE12.Locked=true
PE12.Signal=GPIO_Input
PE13.GPIOParameters=GPIO_PuPd,GPIO_Label
PE13.GPIO_Label=IN_11
PE13.GPIO_PuPd=GPIO_PULLDOWN
PE13.Locked=true
PE13.Signal=GPIO_Input
PE14.GPIOParameters=GPIO_PuPd,GPIO_Label
PE14.GPIO_Label=IN_10
PE14.GPIO_PuPd=GPIO_PULLDOWN
PE14.Locked=true
PE14.Signal=GPIO_Input
PE15.GPIOParameters=GPIO_PuPd,GPIO_Label
PE15.GPIO_Label=IN_9
PE15.GPIO_PuPd=GPIO_PULLDOWN
PE15.Locked=true
PE15.Signal=GPIO_Input
PE7.GPIOParameters=GPIO_PuPd,GPIO_Label
PE7.GPIO_Label=IN_17
PE7.GPIO_PuPd=GPIO_PULLDOWN
PE7.Locked=true
PE7.Signal=GPIO_Input
PE8.GPIOParameters=GPIO_PuPd,GPIO_Label
PE8.GPIO_Label=IN_16
PE8.GPIO_PuPd=GPIO_PULLDOWN
PE8.Locked=true
PE8.Signal=GPIO_Input
PE9.GPIOParameters=GPIO_PuPd,GPIO_Label
PE9.GPIO_Label=IN_15
PE9.GPIO_PuPd=GPIO_PULLDOWN
PE9.Locked=true
PE9.Signal=GPIO_Input
PF10.GPIOParameters=GPIO_PuPd,GPIO_Label,GPIO_ModeDefaultEXTI
PF10.GPIO_Label=BTN_26
PF10.GPIO_ModeDefaultEXTI=GPIO_MODE_IT_FALLING
PF10.GPIO_PuPd=GPIO_PULLUP
PF10.Locked=true
PF10.Signal=GPXTI10
PF11.GPIOParameters=GPIO_PuPd,GPIO_Label
PF11.GPIO_Label=IN_24
PF11.GPIO_PuPd=GPIO_NOPULL
PF11.Locked=true
PF11.Signal=GPIO_Input
PF12.GPIOParameters=GPIO_PuPd,GPIO_Label
PF12.GPIO_Label=IN_23
PF12.GPIO_PuPd=GPIO_NOPULL
PF12.Locked=true
PF12.Signal=GPIO_Input
PF13.GPIOParameters=GPIO_PuPd,GPIO_Label
PF13.GPIO_Label=IN_22
PF13.GPIO_PuPd=GPIO_NOPULL
PF13.Locked=true
PF13.Signal=GPIO_Input
PF14.GPIOParameters=GPIO_PuPd,GPIO_Label
PF14.GPIO_Label=IN_21
PF14.GPIO_PuPd=GPIO_NOPULL
PF14.Locked=true
PF14.Signal=GPIO_Input
PF15.GPIOParameters=GPIO_PuPd,GPIO_Label
PF15.GPIO_Label=IN_20
PF15.GPIO_PuPd=GPIO_NOPULL
PF15.Locked=true
PF15.Signal=GPIO_Input
PF6.GPIOParameters=GPIO_PuPd,GPIO_Label,GPIO_ModeDefaultEXTI
PF6.GPIO_Label=BTN_10
PF6.GPIO_ModeDefaultEXTI=GPIO_MODE_IT_FALLING
PF6.GPIO_PuPd=GPIO_PULLUP
PF6.Locked=true
PF6.Signal=GPXTI6
PF7.GPIOParameters=GPIO_PuPd,GPIO_Label,GPIO_ModeDefaultEXTI
PF7.GPIO_Label=BTN_14
PF7.GPIO_ModeDefaultEXTI=GPIO_MODE_IT_FALLING
PF7.GPIO_PuPd=GPIO_PULLUP
PF7.Locked=true
PF7.Signal=GPXTI7
PF8.GPIOParameters=GPIO_PuPd,GPIO_Label,GPIO_ModeDefaultEXTI
PF8.GPIO_Label=BTN_16
PF8.GPIO_ModeDefaultEXTI=GPIO_MODE_IT_FALLING
PF8.GPIO_PuPd=GPIO_PULLUP
PF8.Locked=true
PF8.Signal=GPXTI8
PF9.GPIOParameters=GPIO_PuPd,GPIO_Label,GPIO_ModeDefaultEXTI
PF9.GPIO_Label=BTN_20
PF9.GPIO_ModeDefaultEXTI=GPIO_MODE_IT_FALLING
PF9.GPIO_PuPd=GPIO_PULLUP
PF9.Locked=true
PF9.Signal=GPXTI9
PG0.GPIOParameters=GPIO_PuPd,GPIO_Label
PG0.GPIO_Label=IN_19
PG0.GPIO_PuPd=GPIO_NOPULL
PG0.Locked=true
PG0.Signal=GPIO_Input
PG1.GPIOParameters=GPIO_PuPd,GPIO_Label
PG1.GPIO_Label=IN_18
PG1.GPIO_PuPd=GPIO_NOPULL
PG1.Locked=true
PG1.Signal=GPIO_Input
PG2.GPIOParameters=GPIO_Label
PG2.GPIO_Label=OUT_14
PG2.Locked=true
PG2.Signal=GPIO_Output
PG3.GPIOParameters=GPIO_Label
PG3.GPIO_Label=OUT_15
PG3.Locked=true
PG3.Signal=GPIO_Output
PG4.GPIOParameters=GPIO_Label
PG4.GPIO_Label=OUT_16
PG4.Locked=true
PG4.Signal=GPIO_Output
PG5.GPIOParameters=GPIO_Label
PG5.GPIO_Label=OUT_17
PG5.Locked=true
PG5.Signal=GPIO_Output
PG6.GPIOParameters=GPIO_Label
PG6.GPIO_Label=OUT_18
PG6.Locked=true
PG6.Signal=GPIO_Output
PG7.GPIOParameters=GPIO_Label
PG7.GPIO_Label=OUT_19
PG7.Locked=true
PG7.Signal=GPIO_Output
PG8.GPIOParameters=GPIO_Label
PG8.GPIO_Label=OUT_20
PG8.Locked=true
PG8.Signal=GPIO_Output
PH10.GPIOParameters=GPIO_PuPd,GPIO_Label
PH10.GPIO_Label=IN_2
PH10.GPIO_PuPd=GPIO_NOPULL
PH10.Locked=true
PH10.Signal=GPIO_Input
PH11.GPIOParameters=GPIO_PuPd,GPIO_Label
PH11.GPIO_Label=IN_1
PH11.GPIO_PuPd=GPIO_NOPULL
PH11.Locked=true
PH11.Signal=GPIO_Input
PH12.GPIOParameters=GPIO_Label
PH12.GPIO_Label=OUT_1
PH12.Locked=true
PH12.Signal=GPIO_Output
PH13.GPIOParameters=GPIO_Label
PH13.GPIO_Label=OUT_30
PH13.Locked=true
PH13.Signal=GPIO_Output
PH14.GPIOParameters=GPIO_Label
PH14.GPIO_Label=OUT_31
PH14.Locked=true
PH14.Signal=GPIO_Output
PH15.GPIOParameters=GPIO_Label
PH15.GPIO_Label=OUT_32
PH15.Locked=true
PH15.Signal=GPIO_Output
PH2.GPIOParameters=GPIO_PuPd,GPIO_Label
PH2.GPIO_Label=IN_37
PH2.GPIO_PuPd=GPIO_NOPULL
PH2.Locked=true
PH2.Signal=GPIO_Input
PH3.GPIOParameters=GPIO_PuPd,GPIO_Label
PH3.GPIO_Label=IN_36
PH3.GPIO_PuPd=GPIO_NOPULL
PH3.Locked=true
PH3.Signal=GPIO_Input
PH4.GPIOParameters=GPIO_PuPd,GPIO_Label
PH4.GPIO_Label=IN_35
PH4.GPIO_PuPd=GPIO_NOPULL
PH4.Locked=true
PH4.Signal=GPIO_Input
PH5.GPIOParameters=GPIO_PuPd,GPIO_Label
PH5.GPIO_Label=IN_34
PH5.GPIO_PuPd=GPIO_NOPULL
PH5.Locked=true
PH5.Signal=GPIO_Input
PH6.GPIOParameters=GPIO_PuPd,GPIO_Label
PH6.GPIO_Label=IN_6
PH6.GPIO_PuPd=GPIO_NOPULL
PH6.Locked=true
PH6.Signal=GPIO_Input
PH7.GPIOParameters=GPIO_PuPd,GPIO_Label
PH7.GPIO_Label=IN_5
PH7.GPIO_PuPd=GPIO_NOPULL
PH7.Locked=true
PH7.Signal=GPIO_Input
PH8.GPIOParameters=GPIO_PuPd,GPIO_Label
PH8.GPIO_Label=IN_4
PH8.GPIO_PuPd=GPIO_NOPULL
PH8.Locked=true
PH8.Signal=GPIO_Input
PH9.GPIOParameters=GPIO_PuPd,GPIO_Label
PH9.GPIO_Label=IN_3
PH9.GPIO_PuPd=GPIO_NOPULL
PH9.Locked=true
PH9.Signal=GPIO_Input
PI0.GPIOParameters=GPIO_Label
PI0.GPIO_Label=OUT_33
PI0.Locked=true
PI0.Signal=GPIO_Output
PI1.GPIOParameters=GPIO_Label
PI1.GPIO_Label=OUT_34
PI1.Locked=true
PI1.Signal=GPIO_Output
PI10.GPIOParameters=PinState,GPIO_Label
PI10.GPIO_Label=NORMAL_LED
PI10.Locked=true
PI10.PinState=GPIO_PIN_SET
PI10.Signal=GPIO_Output
PI11.GPIOParameters=PinState,GPIO_Label
PI11.GPIO_Label=TEST_LED
PI11.Locked=true
PI11.PinState=GPIO_PIN_SET
PI11.Signal=GPIO_Output
PI2.GPIOParameters=GPIO_Label
PI2.GPIO_Label=OUT_35
PI2.Locked=true
PI2.Signal=GPIO_Output
PI3.GPIOParameters=GPIO_Label
PI3.GPIO_Label=OUT_36
PI3.Locked=true
PI3.Signal=GPIO_Output
PI9.GPIOParameters=PinState,GPIO_Label
PI9.GPIO_Label=ERROR_LED
PI9.Locked=true
PI9.PinState=GPIO_PIN_SET
PI9.Signal=GPIO_Output
PinOutPanel.RotationAngle=0
ProjectManager.AskForMigrate=true
ProjectManager.BackupPrevious=false
ProjectManager.CompilerOptimize=6
ProjectManager.ComputerToolchain=false
ProjectManager.CoupleFile=true
ProjectManager.CustomerFirmwarePackage=
ProjectManager.DefaultFWLocation=true
ProjectManager.DeletePrevious=true
ProjectManager.DeviceId=STM32F407IGTx
ProjectManager.FirmwarePackage=STM32Cube FW_F4 V1.28.0
ProjectManager.FreePins=false
ProjectManager.HalAssertFull=false
ProjectManager.HeapSize=0x200
ProjectManager.KeepUserCode=true
ProjectManager.LastFirmware=true
ProjectManager.LibraryCopy=1
ProjectManager.MainLocation=Core/Src
ProjectManager.NoMain=false
ProjectManager.PreviousToolchain=
ProjectManager.ProjectBuild=false
ProjectManager.ProjectFileName=Cunnect_test.ioc
ProjectManager.ProjectName=Cunnect_test
ProjectManager.ProjectStructure=
ProjectManager.RegisterCallBack=
ProjectManager.StackSize=0x400
ProjectManager.TargetToolchain=STM32CubeIDE
ProjectManager.ToolChainLocation=
ProjectManager.UAScriptAfterPath=
ProjectManager.UAScriptBeforePath=
ProjectManager.UnderRoot=true
ProjectManager.functionlistsort=1-SystemClock_Config-RCC-false-HAL-false,2-MX_GPIO_Init-GPIO-false-HAL-true,3-MX_TIM4_Init-TIM4-false-HAL-true
RCC.AHBFreq_Value=16000000
RCC.APB1Freq_Value=16000000
RCC.APB2Freq_Value=16000000
RCC.CortexFreq_Value=16000000
RCC.FamilyName=M
RCC.HSE_VALUE=25000000
RCC.HSI_VALUE=16000000
RCC.I2SClocksFreq_Value=96000000
RCC.IPParameters=AHBFreq_Value,APB1Freq_Value,APB2Freq_Value,CortexFreq_Value,FamilyName,HSE_VALUE,HSI_VALUE,I2SClocksFreq_Value,LSE_VALUE,LSI_VALUE,PLLCLKFreq_Value,PLLQCLKFreq_Value,RTCFreq_Value,RTCHSEDivFreq_Value,SYSCLKFreq_VALUE,VCOI2SOutputFreq_Value,VCOInputFreq_Value,VCOOutputFreq_Value,VcooutputI2S
RCC.LSE_VALUE=32768
RCC.LSI_VALUE=32000
RCC.PLLCLKFreq_Value=96000000
RCC.PLLQCLKFreq_Value=48000000
RCC.RTCFreq_Value=32000
RCC.RTCHSEDivFreq_Value=12500000
RCC.SYSCLKFreq_VALUE=16000000
RCC.VCOI2SOutputFreq_Value=192000000
RCC.VCOInputFreq_Value=1000000
RCC.VCOOutputFreq_Value=192000000
RCC.VcooutputI2S=96000000
SH.GPXTI0.0=GPIO_EXTI0
SH.GPXTI0.ConfNb=1
SH.GPXTI10.0=GPIO_EXTI10
SH.GPXTI10.ConfNb=1
SH.GPXTI6.0=GPIO_EXTI6
SH.GPXTI6.ConfNb=1
SH.GPXTI7.0=GPIO_EXTI7
SH.GPXTI7.ConfNb=1
SH.GPXTI8.0=GPIO_EXTI8
SH.GPXTI8.ConfNb=1
SH.GPXTI9.0=GPIO_EXTI9
SH.GPXTI9.ConfNb=1
TIM2.IPParameters=Prescaler,Period
TIM2.Period=2000-1
TIM2.Prescaler=1600-1
VP_SYS_VS_Systick.Mode=SysTick
VP_SYS_VS_Systick.Signal=SYS_VS_Systick
VP_TIM2_VS_ClockSourceINT.Mode=Internal
VP_TIM2_VS_ClockSourceINT.Signal=TIM2_VS_ClockSourceINT
board=custom
isbadioc=false
